
Microsoft Visual Studio Solution File, Format Version 12.00
# Visual Studio Version 16
VisualStudioVersion = 16.0.29806.167
MinimumVisualStudioVersion = 10.0.40219.1
Project("{FAE04EC0-301F-11D3-BF4B-00C04F79EFBC}") = "GSP.Core", "GSP.Core\GSP.Core.csproj", "{128F028A-37BE-4418-842A-F8C74658191F}"
EndProject
Project("{FAE04EC0-301F-11D3-BF4B-00C04F79EFBC}") = "GSP.ConsoleApp", "GSP.ConsoleApp\GSP.ConsoleApp.csproj", "{8858FE11-502F-43B9-BEC8-C91D2549FA72}"
	ProjectSection(ProjectDependencies) = postProject
		{128F028A-37BE-4418-842A-F8C74658191F} = {128F028A-37BE-4418-842A-F8C74658191F}
	EndProjectSection
EndProject
Global
	GlobalSection(SolutionConfigurationPlatforms) = preSolution
		Debug|Any CPU = Debug|Any CPU
		Release|Any CPU = Release|Any CPU
	EndGlobalSection
	GlobalSection(ProjectConfigurationPlatforms) = postSolution
		{128F028A-37BE-4418-842A-F8C74658191F}.Debug|Any CPU.ActiveCfg = Debug|Any CPU
		{128F028A-37BE-4418-842A-F8C74658191F}.Debug|Any CPU.Build.0 = Debug|Any CPU
		{128F028A-37BE-4418-842A-F8C74658191F}.Release|Any CPU.ActiveCfg = Release|Any CPU
		{128F028A-37BE-4418-842A-F8C74658191F}.Release|Any CPU.Build.0 = Release|Any CPU
		{8858FE11-502F-43B9-BEC8-C91D2549FA72}.Debug|Any CPU.ActiveCfg = Debug|Any CPU
		{8858FE11-502F-43B9-BEC8-C91D2549FA72}.Debug|Any CPU.Build.0 = Debug|Any CPU
		{8858FE11-502F-43B9-BEC8-C91D2549FA72}.Release|Any CPU.ActiveCfg = Release|Any CPU
		{8858FE11-502F-43B9-BEC8-C91D2549FA72}.Release|Any CPU.Build.0 = Release|Any CPU
	EndGlobalSection
	GlobalSection(SolutionProperties) = preSolution
		HideSolutionNode = FALSE
	EndGlobalSection
	GlobalSection(ExtensibilityGlobals) = postSolution
		SolutionGuid = {78A3D61A-1EAB-4AF9-9E4E-3AC89ADCF93A}
	EndGlobalSection
EndGlobal
